
Microsoft Visual Studio Solution File, Format Version 12.00
# Visual Studio 2013
VisualStudioVersion = 12.0.21005.1
MinimumVisualStudioVersion = 10.0.40219.1
Project("{FAE04EC0-301F-11D3-BF4B-00C04F79EFBC}") = "ISSUDemoCrypto", "ISSUDemoCrypto.csproj", "{C5B6C160-B036-44AD-8A5D-1E4E543A2BBF}"
EndProject
Project("{6141683F-8A12-4E36-9623-2EB02B2C2303}") = "Setup1", "..\Setup1\Setup1.isproj", "{12210689-B2AC-4732-AE82-335CA606CA46}"
EndProject
Global
	GlobalSection(SolutionConfigurationPlatforms) = preSolution
		CD_ROM|x86 = CD_ROM|x86
		Debug|x86 = Debug|x86
		DVD-5|x86 = DVD-5|x86
		Release|x86 = Release|x86
		SingleImage|x86 = SingleImage|x86
	EndGlobalSection
	GlobalSection(ProjectConfigurationPlatforms) = postSolution
		{C5B6C160-B036-44AD-8A5D-1E4E543A2BBF}.CD_ROM|x86.ActiveCfg = Release|x86
		{C5B6C160-B036-44AD-8A5D-1E4E543A2BBF}.CD_ROM|x86.Build.0 = Release|x86
		{C5B6C160-B036-44AD-8A5D-1E4E543A2BBF}.Debug|x86.ActiveCfg = Debug|x86
		{C5B6C160-B036-44AD-8A5D-1E4E543A2BBF}.Debug|x86.Build.0 = Debug|x86
		{C5B6C160-B036-44AD-8A5D-1E4E543A2BBF}.DVD-5|x86.ActiveCfg = Debug|x86
		{C5B6C160-B036-44AD-8A5D-1E4E543A2BBF}.DVD-5|x86.Build.0 = Debug|x86
		{C5B6C160-B036-44AD-8A5D-1E4E543A2BBF}.Release|x86.ActiveCfg = Release|x86
		{C5B6C160-B036-44AD-8A5D-1E4E543A2BBF}.Release|x86.Build.0 = Release|x86
		{C5B6C160-B036-44AD-8A5D-1E4E543A2BBF}.SingleImage|x86.ActiveCfg = Release|x86
		{C5B6C160-B036-44AD-8A5D-1E4E543A2BBF}.SingleImage|x86.Build.0 = Release|x86
		{12210689-B2AC-4732-AE82-335CA606CA46}.CD_ROM|x86.ActiveCfg = CD_ROM
		{12210689-B2AC-4732-AE82-335CA606CA46}.CD_ROM|x86.Build.0 = CD_ROM
		{12210689-B2AC-4732-AE82-335CA606CA46}.Debug|x86.ActiveCfg = DVD-5
		{12210689-B2AC-4732-AE82-335CA606CA46}.Debug|x86.Build.0 = DVD-5
		{12210689-B2AC-4732-AE82-335CA606CA46}.DVD-5|x86.ActiveCfg = DVD-5
		{12210689-B2AC-4732-AE82-335CA606CA46}.DVD-5|x86.Build.0 = DVD-5
		{12210689-B2AC-4732-AE82-335CA606CA46}.Release|x86.ActiveCfg = SingleImage
		{12210689-B2AC-4732-AE82-335CA606CA46}.Release|x86.Build.0 = SingleImage
		{12210689-B2AC-4732-AE82-335CA606CA46}.SingleImage|x86.ActiveCfg = SingleImage
		{12210689-B2AC-4732-AE82-335CA606CA46}.SingleImage|x86.Build.0 = SingleImage
	EndGlobalSection
	GlobalSection(SolutionProperties) = preSolution
		HideSolutionNode = FALSE
	EndGlobalSection
EndGlobal
